// !$*UTF8*$!
{
	archiveVersion = 1;
	classes = {
	};
	objectVersion = 50;
	objects = {

/* Begin PBXBuildFile section */
		D826916425CAEBA5001EA703 /* TahDoodleApp.swift in Sources */ = {isa = PBXBuildFile; fileRef = D826915125CAEBA4001EA703 /* TahDoodleApp.swift */; };
		D826916525CAEBA5001EA703 /* TahDoodleApp.swift in Sources */ = {isa = PBXBuildFile; fileRef = D826915125CAEBA4001EA703 /* TahDoodleApp.swift */; };
		D826916625CAEBA5001EA703 /* ContentView.swift in Sources */ = {isa = PBXBuildFile; fileRef = D826915225CAEBA4001EA703 /* ContentView.swift */; };
		D826916725CAEBA5001EA703 /* ContentView.swift in Sources */ = {isa = PBXBuildFile; fileRef = D826915225CAEBA4001EA703 /* ContentView.swift */; };
		D826916825CAEBA5001EA703 /* Assets.xcassets in Resources */ = {isa = PBXBuildFile; fileRef = D826915325CAEBA5001EA703 /* Assets.xcassets */; };
		D826916925CAEBA5001EA703 /* Assets.xcassets in Resources */ = {isa = PBXBuildFile; fileRef = D826915325CAEBA5001EA703 /* Assets.xcassets */; };
		D826917525CB058D001EA703 /* TaskView.swift in Sources */ = {isa = PBXBuildFile; fileRef = D826917425CB058D001EA703 /* TaskView.swift */; };
		D826917625CB058D001EA703 /* TaskView.swift in Sources */ = {isa = PBXBuildFile; fileRef = D826917425CB058D001EA703 /* TaskView.swift */; };
		D826917A25CB89A5001EA703 /* Task.swift in Sources */ = {isa = PBXBuildFile; fileRef = D826917925CB89A5001EA703 /* Task.swift */; };
		D826917B25CB89A5001EA703 /* Task.swift in Sources */ = {isa = PBXBuildFile; fileRef = D826917925CB89A5001EA703 /* Task.swift */; };
		D826917F25CB8B02001EA703 /* TaskStore.swift in Sources */ = {isa = PBXBuildFile; fileRef = D826917E25CB8B02001EA703 /* TaskStore.swift */; };
		D826918025CB8B02001EA703 /* TaskStore.swift in Sources */ = {isa = PBXBuildFile; fileRef = D826917E25CB8B02001EA703 /* TaskStore.swift */; };
		D826918425CBA634001EA703 /* TaskListView.swift in Sources */ = {isa = PBXBuildFile; fileRef = D826918325CBA634001EA703 /* TaskListView.swift */; };
		D826918525CBA634001EA703 /* TaskListView.swift in Sources */ = {isa = PBXBuildFile; fileRef = D826918325CBA634001EA703 /* TaskListView.swift */; };
/* End PBXBuildFile section */

/* Begin PBXFileReference section */
		D826915125CAEBA4001EA703 /* TahDoodleApp.swift */ = {isa = PBXFileReference; lastKnownFileType = sourcecode.swift; path = TahDoodleApp.swift; sourceTree = "<group>"; };
		D826915225CAEBA4001EA703 /* ContentView.swift */ = {isa = PBXFileReference; lastKnownFileType = sourcecode.swift; path = ContentView.swift; sourceTree = "<group>"; };
		D826915325CAEBA5001EA703 /* Assets.xcassets */ = {isa = PBXFileReference; lastKnownFileType = folder.assetcatalog; path = Assets.xcassets; sourceTree = "<group>"; };
		D826915825CAEBA5001EA703 /* TahDoodle.app */ = {isa = PBXFileReference; explicitFileType = wrapper.application; includeInIndex = 0; path = TahDoodle.app; sourceTree = BUILT_PRODUCTS_DIR; };
		D826915B25CAEBA5001EA703 /* Info.plist */ = {isa = PBXFileReference; lastKnownFileType = text.plist.xml; path = Info.plist; sourceTree = "<group>"; };
		D826916025CAEBA5001EA703 /* TahDoodle.app */ = {isa = PBXFileReference; explicitFileType = wrapper.application; includeInIndex = 0; path = TahDoodle.app; sourceTree = BUILT_PRODUCTS_DIR; };
		D826916225CAEBA5001EA703 /* Info.plist */ = {isa = PBXFileReference; lastKnownFileType = text.plist.xml; path = Info.plist; sourceTree = "<group>"; };
		D826916325CAEBA5001EA703 /* macOS.entitlements */ = {isa = PBXFileReference; lastKnownFileType = text.plist.entitlements; path = macOS.entitlements; sourceTree = "<group>"; };
		D826917425CB058D001EA703 /* TaskView.swift */ = {isa = PBXFileReference; lastKnownFileType = sourcecode.swift; path = TaskView.swift; sourceTree = "<group>"; };
		D826917925CB89A5001EA703 /* Task.swift */ = {isa = PBXFileReference; lastKnownFileType = sourcecode.swift; path = Task.swift; sourceTree = "<group>"; };
		D826917E25CB8B02001EA703 /* TaskStore.swift */ = {isa = PBXFileReference; lastKnownFileType = sourcecode.swift; path = TaskStore.swift; sourceTree = "<group>"; };
		D826918325CBA634001EA703 /* TaskListView.swift */ = {isa = PBXFileReference; lastKnownFileType = sourcecode.swift; path = TaskListView.swift; sourceTree = "<group>"; };
/* End PBXFileReference section */

/* Begin PBXFrameworksBuildPhase section */
		D826915525CAEBA5001EA703 /* Frameworks */ = {
			isa = PBXFrameworksBuildPhase;
			buildActionMask = 2147483647;
			files = (
			);
			runOnlyForDeploymentPostprocessing = 0;
		};
		D826915D25CAEBA5001EA703 /* Frameworks */ = {
			isa = PBXFrameworksBuildPhase;
			buildActionMask = 2147483647;
			files = (
			);
			runOnlyForDeploymentPostprocessing = 0;
		};
/* End PBXFrameworksBuildPhase section */

/* Begin PBXGroup section */
		D826914B25CAEBA4001EA703 = {
			isa = PBXGroup;
			children = (
				D826915025CAEBA4001EA703 /* Shared */,
				D826915A25CAEBA5001EA703 /* iOS */,
				D826916125CAEBA5001EA703 /* macOS */,
				D826915925CAEBA5001EA703 /* Products */,
			);
			sourceTree = "<group>";
		};
		D826915025CAEBA4001EA703 /* Shared */ = {
			isa = PBXGroup;
			children = (
				D826915125CAEBA4001EA703 /* TahDoodleApp.swift */,
				D826915225CAEBA4001EA703 /* ContentView.swift */,
				D826917425CB058D001EA703 /* TaskView.swift */,
				D826917925CB89A5001EA703 /* Task.swift */,
				D826917E25CB8B02001EA703 /* TaskStore.swift */,
				D826918325CBA634001EA703 /* TaskListView.swift */,
				D826915325CAEBA5001EA703 /* Assets.xcassets */,
			);
			path = Shared;
			sourceTree = "<group>";
		};
		D826915925CAEBA5001EA703 /* Products */ = {
			isa = PBXGroup;
			children = (
				D826915825CAEBA5001EA703 /* TahDoodle.app */,
				D826916025CAEBA5001EA703 /* TahDoodle.app */,
			);
			name = Products;
			sourceTree = "<group>";
		};
		D826915A25CAEBA5001EA703 /* iOS */ = {
			isa = PBXGroup;
			children = (
				D826915B25CAEBA5001EA703 /* Info.plist */,
			);
			path = iOS;
			sourceTree = "<group>";
		};
		D826916125CAEBA5001EA703 /* macOS */ = {
			isa = PBXGroup;
			children = (
				D826916225CAEBA5001EA703 /* Info.plist */,
				D826916325CAEBA5001EA703 /* macOS.entitlements */,
			);
			path = macOS;
			sourceTree = "<group>";
		};
/* End PBXGroup section */

/* Begin PBXNativeTarget section */
		D826915725CAEBA5001EA703 /* TahDoodle (iOS) */ = {
			isa = PBXNativeTarget;
			buildConfigurationList = D826916C25CAEBA5001EA703 /* Build configuration list for PBXNativeTarget "TahDoodle (iOS)" */;
			buildPhases = (
				D826915425CAEBA5001EA703 /* Sources */,
				D826915525CAEBA5001EA703 /* Frameworks */,
				D826915625CAEBA5001EA703 /* Resources */,
			);
			buildRules = (
			);
			dependencies = (
			);
			name = "TahDoodle (iOS)";
			productName = "TahDoodle (iOS)";
			productReference = D826915825CAEBA5001EA703 /* TahDoodle.app */;
			productType = "com.apple.product-type.application";
		};
		D826915F25CAEBA5001EA703 /* TahDoodle (macOS) */ = {
			isa = PBXNativeTarget;
			buildConfigurationList = D826916F25CAEBA5001EA703 /* Build configuration list for PBXNativeTarget "TahDoodle (macOS)" */;
			buildPhases = (
				D826915C25CAEBA5001EA703 /* Sources */,
				D826915D25CAEBA5001EA703 /* Frameworks */,
				D826915E25CAEBA5001EA703 /* Resources */,
			);
			buildRules = (
			);
			dependencies = (
			);
			name = "TahDoodle (macOS)";
			productName = "TahDoodle (macOS)";
			productReference = D826916025CAEBA5001EA703 /* TahDoodle.app */;
			productType = "com.apple.product-type.application";
		};
/* End PBXNativeTarget section */

/* Begin PBXProject section */
		D826914C25CAEBA4001EA703 /* Project object */ = {
			isa = PBXProject;
			attributes = {
				LastSwiftUpdateCheck = 1240;
				LastUpgradeCheck = 1240;
				TargetAttributes = {
					D826915725CAEBA5001EA703 = {
						CreatedOnToolsVersion = 12.4;
					};
					D826915F25CAEBA5001EA703 = {
						CreatedOnToolsVersion = 12.4;
					};
				};
			};
			buildConfigurationList = D826914F25CAEBA4001EA703 /* Build configuration list for PBXProject "TahDoodle" */;
			compatibilityVersion = "Xcode 9.3";
			developmentRegion = en;
			hasScannedForEncodings = 0;
			knownRegions = (
				en,
				Base,
			);
			mainGroup = D826914B25CAEBA4001EA703;
			productRefGroup = D826915925CAEBA5001EA703 /* Products */;
			projectDirPath = "";
			projectRoot = "";
			targets = (
				D826915725CAEBA5001EA703 /* TahDoodle (iOS) */,
				D826915F25CAEBA5001EA703 /* TahDoodle (macOS) */,
			);
		};
/* End PBXProject section */

/* Begin PBXResourcesBuildPhase section */
		D826915625CAEBA5001EA703 /* Resources */ = {
			isa = PBXResourcesBuildPhase;
			buildActionMask = 2147483647;
			files = (
				D826916825CAEBA5001EA703 /* Assets.xcassets in Resources */,
			);
			runOnlyForDeploymentPostprocessing = 0;
		};
		D826915E25CAEBA5001EA703 /* Resources */ = {
			isa = PBXResourcesBuildPhase;
			buildActionMask = 2147483647;
			files = (
				D826916925CAEBA5001EA703 /* Assets.xcassets in Resources */,
			);
			runOnlyForDeploymentPostprocessing = 0;
		};
/* End PBXResourcesBuildPhase section */

/* Begin PBXSourcesBuildPhase section */
		D826915425CAEBA5001EA703 /* Sources */ = {
			isa = PBXSourcesBuildPhase;
			buildActionMask = 2147483647;
			files = (
				D826917F25CB8B02001EA703 /* TaskStore.swift in Sources */,
				D826917A25CB89A5001EA703 /* Task.swift in Sources */,
				D826917525CB058D001EA703 /* TaskView.swift in Sources */,
				D826916625CAEBA5001EA703 /* ContentView.swift in Sources */,
				D826916425CAEBA5001EA703 /* TahDoodleApp.swift in Sources */,
				D826918425CBA634001EA703 /* TaskListView.swift in Sources */,
			);
			runOnlyForDeploymentPostprocessing = 0;
		};
		D826915C25CAEBA5001EA703 /* Sources */ = {
			isa = PBXSourcesBuildPhase;
			buildActionMask = 2147483647;
			files = (
				D826918025CB8B02001EA703 /* TaskStore.swift in Sources */,
				D826917B25CB89A5001EA703 /* Task.swift in Sources */,
				D826917625CB058D001EA703 /* TaskView.swift in Sources */,
				D826916725CAEBA5001EA703 /* ContentView.swift in Sources */,
				D826916525CAEBA5001EA703 /* TahDoodleApp.swift in Sources */,
				D826918525CBA634001EA703 /* TaskListView.swift in Sources */,
			);
			runOnlyForDeploymentPostprocessing = 0;
		};
/* End PBXSourcesBuildPhase section */

/* Begin XCBuildConfiguration section */
		D826916A25CAEBA5001EA703 /* Debug */ = {
			isa = XCBuildConfiguration;
			buildSettings = {
				ALWAYS_SEARCH_USER_PATHS = NO;
				CLANG_ANALYZER_NONNULL = YES;
				CLANG_ANALYZER_NUMBER_OBJECT_CONVERSION = YES_AGGRESSIVE;
				CLANG_CXX_LANGUAGE_STANDARD = "gnu++14";
				CLANG_CXX_LIBRARY = "libc++";
				CLANG_ENABLE_MODULES = YES;
				CLANG_ENABLE_OBJC_ARC = YES;
				CLANG_ENABLE_OBJC_WEAK = YES;
				CLANG_WARN_BLOCK_CAPTURE_AUTORELEASING = YES;
				CLANG_WARN_BOOL_CONVERSION = YES;
				CLANG_WARN_COMMA = YES;
				CLANG_WARN_CONSTANT_CONVERSION = YES;
				CLANG_WARN_DEPRECATED_OBJC_IMPLEMENTATIONS = YES;
				CLANG_WARN_DIRECT_OBJC_ISA_USAGE = YES_ERROR;
				CLANG_WARN_DOCUMENTATION_COMMENTS = YES;
				CLANG_WARN_EMPTY_BODY = YES;
				CLANG_WARN_ENUM_CONVERSION = YES;
				CLANG_WARN_INFINITE_RECURSION = YES;
				CLANG_WARN_INT_CONVERSION = YES;
				CLANG_WARN_NON_LITERAL_NULL_CONVERSION = YES;
				CLANG_WARN_OBJC_IMPLICIT_RETAIN_SELF = YES;
				CLANG_WARN_OBJC_LITERAL_CONVERSION = YES;
				CLANG_WARN_OBJC_ROOT_CLASS = YES_ERROR;
				CLANG_WARN_QUOTED_INCLUDE_IN_FRAMEWORK_HEADER = YES;
				CLANG_WARN_RANGE_LOOP_ANALYSIS = YES;
				CLANG_WARN_STRICT_PROTOTYPES = YES;
				CLANG_WARN_SUSPICIOUS_MOVE = YES;
				CLANG_WARN_UNGUARDED_AVAILABILITY = YES_AGGRESSIVE;
				CLANG_WARN_UNREACHABLE_CODE = YES;
				CLANG_WARN__DUPLICATE_METHOD_MATCH = YES;
				COPY_PHASE_STRIP = NO;
				DEBUG_INFORMATION_FORMAT = dwarf;
				ENABLE_STRICT_OBJC_MSGSEND = YES;
				ENABLE_TESTABILITY = YES;
				GCC_C_LANGUAGE_STANDARD = gnu11;
				GCC_DYNAMIC_NO_PIC = NO;
				GCC_NO_COMMON_BLOCKS = YES;
				GCC_OPTIMIZATION_LEVEL = 0;
				GCC_PREPROCESSOR_DEFINITIONS = (
					"DEBUG=1",
					"$(inherited)",
				);
				GCC_WARN_64_TO_32_BIT_CONVERSION = YES;
				GCC_WARN_ABOUT_RETURN_TYPE = YES_ERROR;
				GCC_WARN_UNDECLARED_SELECTOR = YES;
				GCC_WARN_UNINITIALIZED_AUTOS = YES_AGGRESSIVE;
				GCC_WARN_UNUSED_FUNCTION = YES;
				GCC_WARN_UNUSED_VARIABLE = YES;
				MTL_ENABLE_DEBUG_INFO = INCLUDE_SOURCE;
				MTL_FAST_MATH = YES;
				ONLY_ACTIVE_ARCH = YES;
				SWIFT_ACTIVE_COMPILATION_CONDITIONS = DEBUG;
				SWIFT_OPTIMIZATION_LEVEL = "-Onone";
			};
			name = Debug;
		};
		D826916B25CAEBA5001EA703 /* Release */ = {
			isa = XCBuildConfiguration;
			buildSettings = {
				ALWAYS_SEARCH_USER_PATHS = NO;
				CLANG_ANALYZER_NONNULL = YES;
				CLANG_ANALYZER_NUMBER_OBJECT_CONVERSION = YES_AGGRESSIVE;
				CLANG_CXX_LANGUAGE_STANDARD = "gnu++14";
				CLANG_CXX_LIBRARY = "libc++";
				CLANG_ENABLE_MODULES = YES;
				CLANG_ENABLE_OBJC_ARC = YES;
				CLANG_ENABLE_OBJC_WEAK = YES;
				CLANG_WARN_BLOCK_CAPTURE_AUTORELEASING = YES;
				CLANG_WARN_BOOL_CONVERSION = YES;
				CLANG_WARN_COMMA = YES;
				CLANG_WARN_CONSTANT_CONVERSION = YES;
				CLANG_WARN_DEPRECATED_OBJC_IMPLEMENTATIONS = YES;
				CLANG_WARN_DIRECT_OBJC_ISA_USAGE = YES_ERROR;
				CLANG_WARN_DOCUMENTATION_COMMENTS = YES;
				CLANG_WARN_EMPTY_BODY = YES;
				CLANG_WARN_ENUM_CONVERSION = YES;
				CLANG_WARN_INFINITE_RECURSION = YES;
				CLANG_WARN_INT_CONVERSION = YES;
				CLANG_WARN_NON_LITERAL_NULL_CONVERSION = YES;
				CLANG_WARN_OBJC_IMPLICIT_RETAIN_SELF = YES;
				CLANG_WARN_OBJC_LITERAL_CONVERSION = YES;
				CLANG_WARN_OBJC_ROOT_CLASS = YES_ERROR;
				CLANG_WARN_QUOTED_INCLUDE_IN_FRAMEWORK_HEADER = YES;
				CLANG_WARN_RANGE_LOOP_ANALYSIS = YES;
				CLANG_WARN_STRICT_PROTOTYPES = YES;
				CLANG_WARN_SUSPICIOUS_MOVE = YES;
				CLANG_WARN_UNGUARDED_AVAILABILITY = YES_AGGRESSIVE;
				CLANG_WARN_UNREACHABLE_CODE = YES;
				CLANG_WARN__DUPLICATE_METHOD_MATCH = YES;
				COPY_PHASE_STRIP = NO;
				DEBUG_INFORMATION_FORMAT = "dwarf-with-dsym";
				ENABLE_NS_ASSERTIONS = NO;
				ENABLE_STRICT_OBJC_MSGSEND = YES;
				GCC_C_LANGUAGE_STANDARD = gnu11;
				GCC_NO_COMMON_BLOCKS = YES;
				GCC_WARN_64_TO_32_BIT_CONVERSION = YES;
				GCC_WARN_ABOUT_RETURN_TYPE = YES_ERROR;
				GCC_WARN_UNDECLARED_SELECTOR = YES;
				GCC_WARN_UNINITIALIZED_AUTOS = YES_AGGRESSIVE;
				GCC_WARN_UNUSED_FUNCTION = YES;
				GCC_WARN_UNUSED_VARIABLE = YES;
				MTL_ENABLE_DEBUG_INFO = NO;
				MTL_FAST_MATH = YES;
				SWIFT_COMPILATION_MODE = wholemodule;
				SWIFT_OPTIMIZATION_LEVEL = "-O";
			};
			name = Release;
		};
		D826916D25CAEBA5001EA703 /* Debug */ = {
			isa = XCBuildConfiguration;
			buildSettings = {
				ASSETCATALOG_COMPILER_APPICON_NAME = AppIcon;
				ASSETCATALOG_COMPILER_GLOBAL_ACCENT_COLOR_NAME = AccentColor;
				CODE_SIGN_STYLE = Automatic;
				DEVELOPMENT_TEAM = H2KE9Y5SS5;
				ENABLE_PREVIEWS = YES;
				INFOPLIST_FILE = iOS/Info.plist;
				IPHONEOS_DEPLOYMENT_TARGET = 14.0;
				LD_RUNPATH_SEARCH_PATHS = (
					"$(inherited)",
					"@executable_path/Frameworks",
				);
				PRODUCT_BUNDLE_IDENTIFIER = mgmzlm.TahDoodle;
				PRODUCT_NAME = TahDoodle;
				SDKROOT = iphoneos;
				SWIFT_VERSION = 5.0;
				TARGETED_DEVICE_FAMILY = "1,2";
			};
			name = Debug;
		};
		D826916E25CAEBA5001EA703 /* Release */ = {
			isa = XCBuildConfiguration;
			buildSettings = {
				ASSETCATALOG_COMPILER_APPICON_NAME = AppIcon;
				ASSETCATALOG_COMPILER_GLOBAL_ACCENT_COLOR_NAME = AccentColor;
				CODE_SIGN_STYLE = Automatic;
				DEVELOPMENT_TEAM = H2KE9Y5SS5;
				ENABLE_PREVIEWS = YES;
				INFOPLIST_FILE = iOS/Info.plist;
				IPHONEOS_DEPLOYMENT_TARGET = 14.0;
				LD_RUNPATH_SEARCH_PATHS = (
					"$(inherited)",
					"@executable_path/Frameworks",
				);
				PRODUCT_BUNDLE_IDENTIFIER = mgmzlm.TahDoodle;
				PRODUCT_NAME = TahDoodle;
				SDKROOT = iphoneos;
				SWIFT_VERSION = 5.0;
				TARGETED_DEVICE_FAMILY = "1,2";
				VALIDATE_PRODUCT = YES;
			};
			name = Release;
		};
		D826917025CAEBA5001EA703 /* Debug */ = {
			isa = XCBuildConfiguration;
			buildSettings = {
				ASSETCATALOG_COMPILER_APPICON_NAME = AppIcon;
				ASSETCATALOG_COMPILER_GLOBAL_ACCENT_COLOR_NAME = AccentColor;
				CODE_SIGN_ENTITLEMENTS = macOS/macOS.entitlements;
				CODE_SIGN_STYLE = Automatic;
				COMBINE_HIDPI_IMAGES = YES;
				DEVELOPMENT_TEAM = H2KE9Y5SS5;
				ENABLE_HARDENED_RUNTIME = YES;
				ENABLE_PREVIEWS = YES;
				INFOPLIST_FILE = macOS/Info.plist;
				LD_RUNPATH_SEARCH_PATHS = (
					"$(inherited)",
					"@executable_path/../Frameworks",
				);
				MACOSX_DEPLOYMENT_TARGET = 11.0;
				PRODUCT_BUNDLE_IDENTIFIER = mgmzlm.TahDoodle;
				PRODUCT_NAME = TahDoodle;
				SDKROOT = macosx;
				SWIFT_VERSION = 5.0;
			};
			name = Debug;
		};
		D826917125CAEBA5001EA703 /* Release */ = {
			isa = XCBuildConfiguration;
			buildSettings = {
				ASSETCATALOG_COMPILER_APPICON_NAME = AppIcon;
				ASSETCATALOG_COMPILER_GLOBAL_ACCENT_COLOR_NAME = AccentColor;
				CODE_SIGN_ENTITLEMENTS = macOS/macOS.entitlements;
				CODE_SIGN_STYLE = Automatic;
				COMBINE_HIDPI_IMAGES = YES;
				DEVELOPMENT_TEAM = H2KE9Y5SS5;
				ENABLE_HARDENED_RUNTIME = YES;
				ENABLE_PREVIEWS = YES;
				INFOPLIST_FILE = macOS/Info.plist;
				LD_RUNPATH_SEARCH_PATHS = (
					"$(inherited)",
					"@executable_path/../Frameworks",
				);
				MACOSX_DEPLOYMENT_TARGET = 11.0;
				PRODUCT_BUNDLE_IDENTIFIER = mgmzlm.TahDoodle;
				PRODUCT_NAME = TahDoodle;
				SDKROOT = macosx;
				SWIFT_VERSION = 5.0;
			};
			name = Release;
		};
/* End XCBuildConfiguration section */

/* Begin XCConfigurationList section */
		D826914F25CAEBA4001EA703 /* Build configuration list for PBXProject "TahDoodle" */ = {
			isa = XCConfigurationList;
			buildConfigurations = (
				D826916A25CAEBA5001EA703 /* Debug */,
				D826916B25CAEBA5001EA703 /* Release */,
			);
			defaultConfigurationIsVisible = 0;
			defaultConfigurationName = Release;
		};
		D826916C25CAEBA5001EA703 /* Build configuration list for PBXNativeTarget "TahDoodle (iOS)" */ = {
			isa = XCConfigurationList;
			buildConfigurations = (
				D826916D25CAEBA5001EA703 /* Debug */,
				D826916E25CAEBA5001EA703 /* Release */,
			);
			defaultConfigurationIsVisible = 0;
			defaultConfigurationName = Release;
		};
		D826916F25CAEBA5001EA703 /* Build configuration list for PBXNativeTarget "TahDoodle (macOS)" */ = {
			isa = XCConfigurationList;
			buildConfigurations = (
				D826917025CAEBA5001EA703 /* Debug */,
				D826917125CAEBA5001EA703 /* Release */,
			);
			defaultConfigurationIsVisible = 0;
			defaultConfigurationName = Release;
		};
/* End XCConfigurationList section */
	};
	rootObject = D826914C25CAEBA4001EA703 /* Project object */;
}
